
Microsoft Visual Studio Solution File, Format Version 12.00
# Visual Studio Version 17
VisualStudioVersion = 17.0.31912.275
MinimumVisualStudioVersion = 10.0.40219.1
Project("{FAE04EC0-301F-11D3-BF4B-00C04F79EFBC}") = "day4_training", "day4_training.csproj", "{C87B8731-B0BE-45D5-80E2-23146588CCE1}"
EndProject
Global
	GlobalSection(SolutionConfigurationPlatforms) = preSolution
		Debug|Any CPU = Debug|Any CPU
		Release|Any CPU = Release|Any CPU
	EndGlobalSection
	GlobalSection(ProjectConfigurationPlatforms) = postSolution
		{C87B8731-B0BE-45D5-80E2-23146588CCE1}.Debug|Any CPU.ActiveCfg = Debug|Any CPU
		{C87B8731-B0BE-45D5-80E2-23146588CCE1}.Debug|Any CPU.Build.0 = Debug|Any CPU
		{C87B8731-B0BE-45D5-80E2-23146588CCE1}.Release|Any CPU.ActiveCfg = Release|Any CPU
		{C87B8731-B0BE-45D5-80E2-23146588CCE1}.Release|Any CPU.Build.0 = Release|Any CPU
	EndGlobalSection
	GlobalSection(SolutionProperties) = preSolution
		HideSolutionNode = FALSE
	EndGlobalSection
	GlobalSection(ExtensibilityGlobals) = postSolution
		SolutionGuid = {4EE1A74C-7012-471C-B1F5-CAFF70A1E344}
	EndGlobalSection
EndGlobal
