
Microsoft Visual Studio Solution File, Format Version 12.00
# Visual Studio Version 17
VisualStudioVersion = 17.0.31912.275
MinimumVisualStudioVersion = 10.0.40219.1
Project("{FAE04EC0-301F-11D3-BF4B-00C04F79EFBC}") = "Day2_training", "Day2_training.csproj", "{8A6F573F-62FA-4D5B-9B58-B1269EEBE611}"
EndProject
Global
	GlobalSection(SolutionConfigurationPlatforms) = preSolution
		Debug|Any CPU = Debug|Any CPU
		Release|Any CPU = Release|Any CPU
	EndGlobalSection
	GlobalSection(ProjectConfigurationPlatforms) = postSolution
		{8A6F573F-62FA-4D5B-9B58-B1269EEBE611}.Debug|Any CPU.ActiveCfg = Debug|Any CPU
		{8A6F573F-62FA-4D5B-9B58-B1269EEBE611}.Debug|Any CPU.Build.0 = Debug|Any CPU
		{8A6F573F-62FA-4D5B-9B58-B1269EEBE611}.Release|Any CPU.ActiveCfg = Release|Any CPU
		{8A6F573F-62FA-4D5B-9B58-B1269EEBE611}.Release|Any CPU.Build.0 = Release|Any CPU
	EndGlobalSection
	GlobalSection(SolutionProperties) = preSolution
		HideSolutionNode = FALSE
	EndGlobalSection
	GlobalSection(ExtensibilityGlobals) = postSolution
		SolutionGuid = {222E23EA-C59E-4AD1-80A0-3C56D82678E0}
	EndGlobalSection
EndGlobal
